
Microsoft Visual Studio Solution File, Format Version 11.00
# Visual Studio 2010
Project("{FAE04EC0-301F-11D3-BF4B-00C04F79EFBC}") = "ManagedCuda", "ManagedCUDA\ManagedCuda.csproj", "{F5A866CC-151E-472A-8020-75F62D74D687}"
EndProject
Project("{FAE04EC0-301F-11D3-BF4B-00C04F79EFBC}") = "NPP", "NPP\NPP.csproj", "{BC77F366-EEC7-43FD-83DE-F487F0B1C5A3}"
EndProject
Project("{FAE04EC0-301F-11D3-BF4B-00C04F79EFBC}") = "CudaFFT", "CudaFFT\CudaFFT.csproj", "{6B495207-44CC-43D6-970B-9B07662FB60B}"
EndProject
Project("{FAE04EC0-301F-11D3-BF4B-00C04F79EFBC}") = "CudaBlas", "CudaBlas\CudaBlas.csproj", "{A4F79FC4-65E9-4568-9660-BB0294FC5931}"
EndProject
Project("{FAE04EC0-301F-11D3-BF4B-00C04F79EFBC}") = "CudaRand", "CudaRand\CudaRand.csproj", "{93B9FB2B-083A-4320-AFCC-DC0E9F7D011B}"
EndProject
Project("{FAE04EC0-301F-11D3-BF4B-00C04F79EFBC}") = "CudaSparse", "CudaSparse\CudaSparse.csproj", "{6F782AA1-E9CF-4CE9-83FD-4FC035D45BC3}"
EndProject
Project("{FAE04EC0-301F-11D3-BF4B-00C04F79EFBC}") = "CudaSolve", "CudaSolve\CudaSolve.csproj", "{B5DE3857-D0B2-4EBB-B2CB-4BFCF57A7488}"
EndProject
Project("{FAE04EC0-301F-11D3-BF4B-00C04F79EFBC}") = "NVRTC", "NVRTC\NVRTC.csproj", "{BFA8C8F7-BF75-4AB3-9AFC-3B0D1E2F1EEE}"
EndProject
Global
	GlobalSection(SolutionConfigurationPlatforms) = preSolution
		Debug|Any CPU = Debug|Any CPU
		Debug|Mixed Platforms = Debug|Mixed Platforms
		Debug|NuGet_x64 = Debug|NuGet_x64
		Debug|NuGet_x86 = Debug|NuGet_x86
		Debug|x64 = Debug|x64
		Debug|x86 = Debug|x86
		Release|Any CPU = Release|Any CPU
		Release|Mixed Platforms = Release|Mixed Platforms
		Release|NuGet_x64 = Release|NuGet_x64
		Release|NuGet_x86 = Release|NuGet_x86
		Release|x64 = Release|x64
		Release|x86 = Release|x86
	EndGlobalSection
	GlobalSection(ProjectConfigurationPlatforms) = postSolution
		{F5A866CC-151E-472A-8020-75F62D74D687}.Debug|Any CPU.ActiveCfg = Debug|Any CPU
		{F5A866CC-151E-472A-8020-75F62D74D687}.Debug|Any CPU.Build.0 = Debug|Any CPU
		{F5A866CC-151E-472A-8020-75F62D74D687}.Debug|Mixed Platforms.ActiveCfg = Debug|Any CPU
		{F5A866CC-151E-472A-8020-75F62D74D687}.Debug|Mixed Platforms.Build.0 = Debug|Any CPU
		{F5A866CC-151E-472A-8020-75F62D74D687}.Debug|NuGet_x64.ActiveCfg = Debug|Any CPU
		{F5A866CC-151E-472A-8020-75F62D74D687}.Debug|NuGet_x64.Build.0 = Debug|Any CPU
		{F5A866CC-151E-472A-8020-75F62D74D687}.Debug|NuGet_x86.ActiveCfg = Debug|Any CPU
		{F5A866CC-151E-472A-8020-75F62D74D687}.Debug|NuGet_x86.Build.0 = Debug|Any CPU
		{F5A866CC-151E-472A-8020-75F62D74D687}.Debug|x64.ActiveCfg = Debug|Any CPU
		{F5A866CC-151E-472A-8020-75F62D74D687}.Debug|x86.ActiveCfg = Debug|Any CPU
		{F5A866CC-151E-472A-8020-75F62D74D687}.Release|Any CPU.ActiveCfg = Release|Any CPU
		{F5A866CC-151E-472A-8020-75F62D74D687}.Release|Any CPU.Build.0 = Release|Any CPU
		{F5A866CC-151E-472A-8020-75F62D74D687}.Release|Mixed Platforms.ActiveCfg = Release|Any CPU
		{F5A866CC-151E-472A-8020-75F62D74D687}.Release|Mixed Platforms.Build.0 = Release|Any CPU
		{F5A866CC-151E-472A-8020-75F62D74D687}.Release|NuGet_x64.ActiveCfg = Release|Any CPU
		{F5A866CC-151E-472A-8020-75F62D74D687}.Release|NuGet_x64.Build.0 = Release|Any CPU
		{F5A866CC-151E-472A-8020-75F62D74D687}.Release|NuGet_x86.ActiveCfg = Release|Any CPU
		{F5A866CC-151E-472A-8020-75F62D74D687}.Release|NuGet_x86.Build.0 = Release|Any CPU
		{F5A866CC-151E-472A-8020-75F62D74D687}.Release|x64.ActiveCfg = Release|Any CPU
		{F5A866CC-151E-472A-8020-75F62D74D687}.Release|x86.ActiveCfg = Release|Any CPU
		{BC77F366-EEC7-43FD-83DE-F487F0B1C5A3}.Debug|Any CPU.ActiveCfg = Debug|x64
		{BC77F366-EEC7-43FD-83DE-F487F0B1C5A3}.Debug|Mixed Platforms.ActiveCfg = Debug|x64
		{BC77F366-EEC7-43FD-83DE-F487F0B1C5A3}.Debug|Mixed Platforms.Build.0 = Debug|x64
		{BC77F366-EEC7-43FD-83DE-F487F0B1C5A3}.Debug|NuGet_x64.ActiveCfg = Debug|x64
		{BC77F366-EEC7-43FD-83DE-F487F0B1C5A3}.Debug|NuGet_x64.Build.0 = Debug|x64
		{BC77F366-EEC7-43FD-83DE-F487F0B1C5A3}.Debug|NuGet_x86.ActiveCfg = Debug|x86
		{BC77F366-EEC7-43FD-83DE-F487F0B1C5A3}.Debug|NuGet_x86.Build.0 = Debug|x86
		{BC77F366-EEC7-43FD-83DE-F487F0B1C5A3}.Debug|x64.ActiveCfg = Debug|x64
		{BC77F366-EEC7-43FD-83DE-F487F0B1C5A3}.Debug|x64.Build.0 = Debug|x64
		{BC77F366-EEC7-43FD-83DE-F487F0B1C5A3}.Debug|x86.ActiveCfg = Debug|x86
		{BC77F366-EEC7-43FD-83DE-F487F0B1C5A3}.Debug|x86.Build.0 = Debug|x86
		{BC77F366-EEC7-43FD-83DE-F487F0B1C5A3}.Release|Any CPU.ActiveCfg = Release|x64
		{BC77F366-EEC7-43FD-83DE-F487F0B1C5A3}.Release|Mixed Platforms.ActiveCfg = Release|x64
		{BC77F366-EEC7-43FD-83DE-F487F0B1C5A3}.Release|Mixed Platforms.Build.0 = Release|x64
		{BC77F366-EEC7-43FD-83DE-F487F0B1C5A3}.Release|NuGet_x64.ActiveCfg = Release|x64
		{BC77F366-EEC7-43FD-83DE-F487F0B1C5A3}.Release|NuGet_x64.Build.0 = Release|x64
		{BC77F366-EEC7-43FD-83DE-F487F0B1C5A3}.Release|NuGet_x86.ActiveCfg = Release|x86
		{BC77F366-EEC7-43FD-83DE-F487F0B1C5A3}.Release|NuGet_x86.Build.0 = Release|x86
		{BC77F366-EEC7-43FD-83DE-F487F0B1C5A3}.Release|x64.ActiveCfg = Release|x64
		{BC77F366-EEC7-43FD-83DE-F487F0B1C5A3}.Release|x64.Build.0 = Release|x64
		{BC77F366-EEC7-43FD-83DE-F487F0B1C5A3}.Release|x86.ActiveCfg = Release|x86
		{BC77F366-EEC7-43FD-83DE-F487F0B1C5A3}.Release|x86.Build.0 = Release|x86
		{6B495207-44CC-43D6-970B-9B07662FB60B}.Debug|Any CPU.ActiveCfg = Debug|x64
		{6B495207-44CC-43D6-970B-9B07662FB60B}.Debug|Mixed Platforms.ActiveCfg = Debug|x64
		{6B495207-44CC-43D6-970B-9B07662FB60B}.Debug|Mixed Platforms.Build.0 = Debug|x64
		{6B495207-44CC-43D6-970B-9B07662FB60B}.Debug|NuGet_x64.ActiveCfg = Debug|x64
		{6B495207-44CC-43D6-970B-9B07662FB60B}.Debug|NuGet_x64.Build.0 = Debug|x64
		{6B495207-44CC-43D6-970B-9B07662FB60B}.Debug|NuGet_x86.ActiveCfg = Debug|x86
		{6B495207-44CC-43D6-970B-9B07662FB60B}.Debug|NuGet_x86.Build.0 = Debug|x86
		{6B495207-44CC-43D6-970B-9B07662FB60B}.Debug|x64.ActiveCfg = Debug|x64
		{6B495207-44CC-43D6-970B-9B07662FB60B}.Debug|x64.Build.0 = Debug|x64
		{6B495207-44CC-43D6-970B-9B07662FB60B}.Debug|x86.ActiveCfg = Debug|x86
		{6B495207-44CC-43D6-970B-9B07662FB60B}.Debug|x86.Build.0 = Debug|x86
		{6B495207-44CC-43D6-970B-9B07662FB60B}.Release|Any CPU.ActiveCfg = Release|x64
		{6B495207-44CC-43D6-970B-9B07662FB60B}.Release|Mixed Platforms.ActiveCfg = Release|x64
		{6B495207-44CC-43D6-970B-9B07662FB60B}.Release|Mixed Platforms.Build.0 = Release|x64
		{6B495207-44CC-43D6-970B-9B07662FB60B}.Release|NuGet_x64.ActiveCfg = Release|x64
		{6B495207-44CC-43D6-970B-9B07662FB60B}.Release|NuGet_x64.Build.0 = Release|x64
		{6B495207-44CC-43D6-970B-9B07662FB60B}.Release|NuGet_x86.ActiveCfg = Release|x86
		{6B495207-44CC-43D6-970B-9B07662FB60B}.Release|NuGet_x86.Build.0 = Release|x86
		{6B495207-44CC-43D6-970B-9B07662FB60B}.Release|x64.ActiveCfg = Release|x64
		{6B495207-44CC-43D6-970B-9B07662FB60B}.Release|x64.Build.0 = Release|x64
		{6B495207-44CC-43D6-970B-9B07662FB60B}.Release|x86.ActiveCfg = Release|x86
		{6B495207-44CC-43D6-970B-9B07662FB60B}.Release|x86.Build.0 = Release|x86
		{A4F79FC4-65E9-4568-9660-BB0294FC5931}.Debug|Any CPU.ActiveCfg = Debug|x64
		{A4F79FC4-65E9-4568-9660-BB0294FC5931}.Debug|Mixed Platforms.ActiveCfg = Debug|x64
		{A4F79FC4-65E9-4568-9660-BB0294FC5931}.Debug|Mixed Platforms.Build.0 = Debug|x64
		{A4F79FC4-65E9-4568-9660-BB0294FC5931}.Debug|NuGet_x64.ActiveCfg = Debug|x64
		{A4F79FC4-65E9-4568-9660-BB0294FC5931}.Debug|NuGet_x64.Build.0 = Debug|x64
		{A4F79FC4-65E9-4568-9660-BB0294FC5931}.Debug|NuGet_x86.ActiveCfg = Debug|x86
		{A4F79FC4-65E9-4568-9660-BB0294FC5931}.Debug|NuGet_x86.Build.0 = Debug|x86
		{A4F79FC4-65E9-4568-9660-BB0294FC5931}.Debug|x64.ActiveCfg = Debug|x64
		{A4F79FC4-65E9-4568-9660-BB0294FC5931}.Debug|x64.Build.0 = Debug|x64
		{A4F79FC4-65E9-4568-9660-BB0294FC5931}.Debug|x86.ActiveCfg = Debug|x86
		{A4F79FC4-65E9-4568-9660-BB0294FC5931}.Debug|x86.Build.0 = Debug|x86
		{A4F79FC4-65E9-4568-9660-BB0294FC5931}.Release|Any CPU.ActiveCfg = Release|x64
		{A4F79FC4-65E9-4568-9660-BB0294FC5931}.Release|Mixed Platforms.ActiveCfg = Release|x64
		{A4F79FC4-65E9-4568-9660-BB0294FC5931}.Release|Mixed Platforms.Build.0 = Release|x64
		{A4F79FC4-65E9-4568-9660-BB0294FC5931}.Release|NuGet_x64.ActiveCfg = Release|x64
		{A4F79FC4-65E9-4568-9660-BB0294FC5931}.Release|NuGet_x64.Build.0 = Release|x64
		{A4F79FC4-65E9-4568-9660-BB0294FC5931}.Release|NuGet_x86.ActiveCfg = Release|x86
		{A4F79FC4-65E9-4568-9660-BB0294FC5931}.Release|NuGet_x86.Build.0 = Release|x86
		{A4F79FC4-65E9-4568-9660-BB0294FC5931}.Release|x64.ActiveCfg = Release|x64
		{A4F79FC4-65E9-4568-9660-BB0294FC5931}.Release|x64.Build.0 = Release|x64
		{A4F79FC4-65E9-4568-9660-BB0294FC5931}.Release|x86.ActiveCfg = Release|x86
		{A4F79FC4-65E9-4568-9660-BB0294FC5931}.Release|x86.Build.0 = Release|x86
		{93B9FB2B-083A-4320-AFCC-DC0E9F7D011B}.Debug|Any CPU.ActiveCfg = Debug|x64
		{93B9FB2B-083A-4320-AFCC-DC0E9F7D011B}.Debug|Mixed Platforms.ActiveCfg = Debug|x64
		{93B9FB2B-083A-4320-AFCC-DC0E9F7D011B}.Debug|Mixed Platforms.Build.0 = Debug|x64
		{93B9FB2B-083A-4320-AFCC-DC0E9F7D011B}.Debug|NuGet_x64.ActiveCfg = Debug|x64
		{93B9FB2B-083A-4320-AFCC-DC0E9F7D011B}.Debug|NuGet_x64.Build.0 = Debug|x64
		{93B9FB2B-083A-4320-AFCC-DC0E9F7D011B}.Debug|NuGet_x86.ActiveCfg = Debug|x86
		{93B9FB2B-083A-4320-AFCC-DC0E9F7D011B}.Debug|NuGet_x86.Build.0 = Debug|x86
		{93B9FB2B-083A-4320-AFCC-DC0E9F7D011B}.Debug|x64.ActiveCfg = Debug|x64
		{93B9FB2B-083A-4320-AFCC-DC0E9F7D011B}.Debug|x64.Build.0 = Debug|x64
		{93B9FB2B-083A-4320-AFCC-DC0E9F7D011B}.Debug|x86.ActiveCfg = Debug|x86
		{93B9FB2B-083A-4320-AFCC-DC0E9F7D011B}.Debug|x86.Build.0 = Debug|x86
		{93B9FB2B-083A-4320-AFCC-DC0E9F7D011B}.Release|Any CPU.ActiveCfg = Release|x64
		{93B9FB2B-083A-4320-AFCC-DC0E9F7D011B}.Release|Mixed Platforms.ActiveCfg = Release|x64
		{93B9FB2B-083A-4320-AFCC-DC0E9F7D011B}.Release|Mixed Platforms.Build.0 = Release|x64
		{93B9FB2B-083A-4320-AFCC-DC0E9F7D011B}.Release|NuGet_x64.ActiveCfg = Release|x64
		{93B9FB2B-083A-4320-AFCC-DC0E9F7D011B}.Release|NuGet_x64.Build.0 = Release|x64
		{93B9FB2B-083A-4320-AFCC-DC0E9F7D011B}.Release|NuGet_x86.ActiveCfg = Release|x86
		{93B9FB2B-083A-4320-AFCC-DC0E9F7D011B}.Release|NuGet_x86.Build.0 = Release|x86
		{93B9FB2B-083A-4320-AFCC-DC0E9F7D011B}.Release|x64.ActiveCfg = Release|x64
		{93B9FB2B-083A-4320-AFCC-DC0E9F7D011B}.Release|x64.Build.0 = Release|x64
		{93B9FB2B-083A-4320-AFCC-DC0E9F7D011B}.Release|x86.ActiveCfg = Release|x86
		{93B9FB2B-083A-4320-AFCC-DC0E9F7D011B}.Release|x86.Build.0 = Release|x86
		{6F782AA1-E9CF-4CE9-83FD-4FC035D45BC3}.Debug|Any CPU.ActiveCfg = Debug|x64
		{6F782AA1-E9CF-4CE9-83FD-4FC035D45BC3}.Debug|Mixed Platforms.ActiveCfg = Debug|x64
		{6F782AA1-E9CF-4CE9-83FD-4FC035D45BC3}.Debug|Mixed Platforms.Build.0 = Debug|x64
		{6F782AA1-E9CF-4CE9-83FD-4FC035D45BC3}.Debug|NuGet_x64.ActiveCfg = Debug|x64
		{6F782AA1-E9CF-4CE9-83FD-4FC035D45BC3}.Debug|NuGet_x64.Build.0 = Debug|x64
		{6F782AA1-E9CF-4CE9-83FD-4FC035D45BC3}.Debug|NuGet_x86.ActiveCfg = Debug|x86
		{6F782AA1-E9CF-4CE9-83FD-4FC035D45BC3}.Debug|NuGet_x86.Build.0 = Debug|x86
		{6F782AA1-E9CF-4CE9-83FD-4FC035D45BC3}.Debug|x64.ActiveCfg = Debug|x64
		{6F782AA1-E9CF-4CE9-83FD-4FC035D45BC3}.Debug|x64.Build.0 = Debug|x64
		{6F782AA1-E9CF-4CE9-83FD-4FC035D45BC3}.Debug|x86.ActiveCfg = Debug|x86
		{6F782AA1-E9CF-4CE9-83FD-4FC035D45BC3}.Debug|x86.Build.0 = Debug|x86
		{6F782AA1-E9CF-4CE9-83FD-4FC035D45BC3}.Release|Any CPU.ActiveCfg = Release|x64
		{6F782AA1-E9CF-4CE9-83FD-4FC035D45BC3}.Release|Mixed Platforms.ActiveCfg = Release|x64
		{6F782AA1-E9CF-4CE9-83FD-4FC035D45BC3}.Release|Mixed Platforms.Build.0 = Release|x64
		{6F782AA1-E9CF-4CE9-83FD-4FC035D45BC3}.Release|NuGet_x64.ActiveCfg = Release|x64
		{6F782AA1-E9CF-4CE9-83FD-4FC035D45BC3}.Release|NuGet_x64.Build.0 = Release|x64
		{6F782AA1-E9CF-4CE9-83FD-4FC035D45BC3}.Release|NuGet_x86.ActiveCfg = Release|x86
		{6F782AA1-E9CF-4CE9-83FD-4FC035D45BC3}.Release|NuGet_x86.Build.0 = Release|x86
		{6F782AA1-E9CF-4CE9-83FD-4FC035D45BC3}.Release|x64.ActiveCfg = Release|x64
		{6F782AA1-E9CF-4CE9-83FD-4FC035D45BC3}.Release|x64.Build.0 = Release|x64
		{6F782AA1-E9CF-4CE9-83FD-4FC035D45BC3}.Release|x86.ActiveCfg = Release|x86
		{6F782AA1-E9CF-4CE9-83FD-4FC035D45BC3}.Release|x86.Build.0 = Release|x86
		{B5DE3857-D0B2-4EBB-B2CB-4BFCF57A7488}.Debug|Any CPU.ActiveCfg = Debug|x86
		{B5DE3857-D0B2-4EBB-B2CB-4BFCF57A7488}.Debug|Mixed Platforms.ActiveCfg = Debug|x64
		{B5DE3857-D0B2-4EBB-B2CB-4BFCF57A7488}.Debug|Mixed Platforms.Build.0 = Debug|x64
		{B5DE3857-D0B2-4EBB-B2CB-4BFCF57A7488}.Debug|NuGet_x64.ActiveCfg = Debug|x64
		{B5DE3857-D0B2-4EBB-B2CB-4BFCF57A7488}.Debug|NuGet_x64.Build.0 = Debug|x64
		{B5DE3857-D0B2-4EBB-B2CB-4BFCF57A7488}.Debug|NuGet_x86.ActiveCfg = Debug|x86
		{B5DE3857-D0B2-4EBB-B2CB-4BFCF57A7488}.Debug|NuGet_x86.Build.0 = Debug|x86
		{B5DE3857-D0B2-4EBB-B2CB-4BFCF57A7488}.Debug|x64.ActiveCfg = Debug|x64
		{B5DE3857-D0B2-4EBB-B2CB-4BFCF57A7488}.Debug|x64.Build.0 = Debug|x64
		{B5DE3857-D0B2-4EBB-B2CB-4BFCF57A7488}.Debug|x86.ActiveCfg = Debug|x86
		{B5DE3857-D0B2-4EBB-B2CB-4BFCF57A7488}.Debug|x86.Build.0 = Debug|x86
		{B5DE3857-D0B2-4EBB-B2CB-4BFCF57A7488}.Release|Any CPU.ActiveCfg = Release|x86
		{B5DE3857-D0B2-4EBB-B2CB-4BFCF57A7488}.Release|Mixed Platforms.ActiveCfg = Release|x64
		{B5DE3857-D0B2-4EBB-B2CB-4BFCF57A7488}.Release|Mixed Platforms.Build.0 = Release|x64
		{B5DE3857-D0B2-4EBB-B2CB-4BFCF57A7488}.Release|NuGet_x64.ActiveCfg = Release|x64
		{B5DE3857-D0B2-4EBB-B2CB-4BFCF57A7488}.Release|NuGet_x64.Build.0 = Release|x64
		{B5DE3857-D0B2-4EBB-B2CB-4BFCF57A7488}.Release|NuGet_x86.ActiveCfg = Release|x86
		{B5DE3857-D0B2-4EBB-B2CB-4BFCF57A7488}.Release|NuGet_x86.Build.0 = Release|x86
		{B5DE3857-D0B2-4EBB-B2CB-4BFCF57A7488}.Release|x64.ActiveCfg = Release|x64
		{B5DE3857-D0B2-4EBB-B2CB-4BFCF57A7488}.Release|x64.Build.0 = Release|x64
		{B5DE3857-D0B2-4EBB-B2CB-4BFCF57A7488}.Release|x86.ActiveCfg = Release|x86
		{B5DE3857-D0B2-4EBB-B2CB-4BFCF57A7488}.Release|x86.Build.0 = Release|x86
		{BFA8C8F7-BF75-4AB3-9AFC-3B0D1E2F1EEE}.Debug|Any CPU.ActiveCfg = Debug|x86
		{BFA8C8F7-BF75-4AB3-9AFC-3B0D1E2F1EEE}.Debug|Mixed Platforms.ActiveCfg = Debug|x64
		{BFA8C8F7-BF75-4AB3-9AFC-3B0D1E2F1EEE}.Debug|Mixed Platforms.Build.0 = Debug|x64
		{BFA8C8F7-BF75-4AB3-9AFC-3B0D1E2F1EEE}.Debug|NuGet_x64.ActiveCfg = Debug|x64
		{BFA8C8F7-BF75-4AB3-9AFC-3B0D1E2F1EEE}.Debug|NuGet_x64.Build.0 = Debug|x64
		{BFA8C8F7-BF75-4AB3-9AFC-3B0D1E2F1EEE}.Debug|NuGet_x86.ActiveCfg = Debug|x86
		{BFA8C8F7-BF75-4AB3-9AFC-3B0D1E2F1EEE}.Debug|NuGet_x86.Build.0 = Debug|x86
		{BFA8C8F7-BF75-4AB3-9AFC-3B0D1E2F1EEE}.Debug|x64.ActiveCfg = Debug|x64
		{BFA8C8F7-BF75-4AB3-9AFC-3B0D1E2F1EEE}.Debug|x64.Build.0 = Debug|x64
		{BFA8C8F7-BF75-4AB3-9AFC-3B0D1E2F1EEE}.Debug|x86.ActiveCfg = Debug|x86
		{BFA8C8F7-BF75-4AB3-9AFC-3B0D1E2F1EEE}.Debug|x86.Build.0 = Debug|x86
		{BFA8C8F7-BF75-4AB3-9AFC-3B0D1E2F1EEE}.Release|Any CPU.ActiveCfg = Release|x86
		{BFA8C8F7-BF75-4AB3-9AFC-3B0D1E2F1EEE}.Release|Mixed Platforms.ActiveCfg = Release|x64
		{BFA8C8F7-BF75-4AB3-9AFC-3B0D1E2F1EEE}.Release|Mixed Platforms.Build.0 = Release|x64
		{BFA8C8F7-BF75-4AB3-9AFC-3B0D1E2F1EEE}.Release|NuGet_x64.ActiveCfg = Release|x64
		{BFA8C8F7-BF75-4AB3-9AFC-3B0D1E2F1EEE}.Release|NuGet_x64.Build.0 = Release|x64
		{BFA8C8F7-BF75-4AB3-9AFC-3B0D1E2F1EEE}.Release|NuGet_x86.ActiveCfg = Release|x86
		{BFA8C8F7-BF75-4AB3-9AFC-3B0D1E2F1EEE}.Release|NuGet_x86.Build.0 = Release|x86
		{BFA8C8F7-BF75-4AB3-9AFC-3B0D1E2F1EEE}.Release|x64.ActiveCfg = Release|x64
		{BFA8C8F7-BF75-4AB3-9AFC-3B0D1E2F1EEE}.Release|x64.Build.0 = Release|x64
		{BFA8C8F7-BF75-4AB3-9AFC-3B0D1E2F1EEE}.Release|x86.ActiveCfg = Release|x86
		{BFA8C8F7-BF75-4AB3-9AFC-3B0D1E2F1EEE}.Release|x86.Build.0 = Release|x86
	EndGlobalSection
	GlobalSection(SolutionProperties) = preSolution
		HideSolutionNode = FALSE
	EndGlobalSection
EndGlobal
