
Microsoft Visual Studio Solution File, Format Version 12.00
# Visual Studio 14
VisualStudioVersion = 14.0.25420.1
MinimumVisualStudioVersion = 10.0.40219.1
Project("{FAE04EC0-301F-11D3-BF4B-00C04F79EFBC}") = "vectorAdd_nvrtc", "vectorAdd_nvrtc\vectorAdd_nvrtc.csproj", "{D9771D42-37D2-4831-ABB9-8C8D3B961C8D}"
EndProject
Project("{FAE04EC0-301F-11D3-BF4B-00C04F79EFBC}") = "simpleCUBLAS", "simpleCUBLAS\simpleCUBLAS.csproj", "{DB954399-7AA4-4835-BD98-C11E130049EA}"
EndProject
Project("{FAE04EC0-301F-11D3-BF4B-00C04F79EFBC}") = "simpleCUFFT", "simpleCUFFT\simpleCUFFT.csproj", "{D14002D9-E62F-42CF-8281-8ADB964EE850}"
	ProjectSection(ProjectDependencies) = postProject
		{AFF19EA9-0B8F-4D3B-9976-6A43380A20A2} = {AFF19EA9-0B8F-4D3B-9976-6A43380A20A2}
	EndProjectSection
EndProject
Project("{8BC9CEB8-8B4A-11D0-8D11-00A0C91BC942}") = "simpleCUFFTKernel", "simpleCUFFTKernel\simpleCUFFTKernel.vcxproj", "{AFF19EA9-0B8F-4D3B-9976-6A43380A20A2}"
EndProject
Project("{FAE04EC0-301F-11D3-BF4B-00C04F79EFBC}") = "simpleOccupancy", "simpleOccupancy\simpleOccupancy.csproj", "{3ED18112-FC79-4302-AEFD-76FE74B92C94}"
	ProjectSection(ProjectDependencies) = postProject
		{A0FEA7FC-A6E5-499D-8C77-2FF8C167D443} = {A0FEA7FC-A6E5-499D-8C77-2FF8C167D443}
	EndProjectSection
EndProject
Project("{8BC9CEB8-8B4A-11D0-8D11-00A0C91BC942}") = "simpleOccupancyKernel", "simpleOccupancyKernel\simpleOccupancyKernel.vcxproj", "{A0FEA7FC-A6E5-499D-8C77-2FF8C167D443}"
EndProject
Project("{FAE04EC0-301F-11D3-BF4B-00C04F79EFBC}") = "shrQATest", "shrQATest\shrQATest.csproj", "{616A45A5-D2AE-4620-A9BA-CDF72DCF483C}"
EndProject
Project("{FAE04EC0-301F-11D3-BF4B-00C04F79EFBC}") = "vectorAdd", "vectorAdd\vectorAdd.csproj", "{DBF691D3-6961-4ADB-AFD7-DECA6E502B50}"
	ProjectSection(ProjectDependencies) = postProject
		{A12B6922-2FCC-46C8-89A3-C36E42579425} = {A12B6922-2FCC-46C8-89A3-C36E42579425}
	EndProjectSection
EndProject
Project("{8BC9CEB8-8B4A-11D0-8D11-00A0C91BC942}") = "vectorAddKernel", "vectorAddKernel\vectorAddKernel.vcxproj", "{A12B6922-2FCC-46C8-89A3-C36E42579425}"
EndProject
Project("{8BC9CEB8-8B4A-11D0-8D11-00A0C91BC942}") = "simpleStreamsKernel", "simpleStreamsKernel\simpleStreamsKernel.vcxproj", "{B579300A-E2A1-400E-8DED-9170D5E160CC}"
EndProject
Project("{FAE04EC0-301F-11D3-BF4B-00C04F79EFBC}") = "simpleStreams", "simpleStreams\simpleStreams.csproj", "{2B1C6B92-E7BB-439C-A044-81D265C1D3E3}"
	ProjectSection(ProjectDependencies) = postProject
		{B579300A-E2A1-400E-8DED-9170D5E160CC} = {B579300A-E2A1-400E-8DED-9170D5E160CC}
	EndProjectSection
EndProject
Project("{FAE04EC0-301F-11D3-BF4B-00C04F79EFBC}") = "simplePitchLinearTexture", "simplePitchLinearTexture\simplePitchLinearTexture.csproj", "{FF09234C-831E-4611-B1EB-266E4C6F8122}"
	ProjectSection(ProjectDependencies) = postProject
		{95E82FC9-BB5E-41AA-A426-E783363D801D} = {95E82FC9-BB5E-41AA-A426-E783363D801D}
	EndProjectSection
EndProject
Project("{8BC9CEB8-8B4A-11D0-8D11-00A0C91BC942}") = "simplePitchLinearTextureKernel", "simplePitchLinearTextureKernel\simplePitchLinearTextureKernel.vcxproj", "{95E82FC9-BB5E-41AA-A426-E783363D801D}"
EndProject
Project("{8BC9CEB8-8B4A-11D0-8D11-00A0C91BC942}") = "FluidKernel", "FluidKernel\FluidKernel.vcxproj", "{47D76C77-F373-42FB-B9BC-6A3644698173}"
EndProject
Project("{FAE04EC0-301F-11D3-BF4B-00C04F79EFBC}") = "FluidsForms", "FluidsForms\FluidsForms.csproj", "{0429031A-57DA-4506-8EB9-FA35775C7BC2}"
	ProjectSection(ProjectDependencies) = postProject
		{47D76C77-F373-42FB-B9BC-6A3644698173} = {47D76C77-F373-42FB-B9BC-6A3644698173}
	EndProjectSection
EndProject
Project("{FAE04EC0-301F-11D3-BF4B-00C04F79EFBC}") = "FluidsGLCSharp", "FluidsGLCSharp\FluidsGLCSharp.csproj", "{EF2A21F6-3E9E-4291-B31B-FEE217BCE692}"
	ProjectSection(ProjectDependencies) = postProject
		{47D76C77-F373-42FB-B9BC-6A3644698173} = {47D76C77-F373-42FB-B9BC-6A3644698173}
	EndProjectSection
EndProject
Project("{FAE04EC0-301F-11D3-BF4B-00C04F79EFBC}") = "FluidsWPF", "FluidsWPF\FluidsWPF.csproj", "{330CA6BA-D439-4786-9DA2-A3A2ED0B561A}"
	ProjectSection(ProjectDependencies) = postProject
		{47D76C77-F373-42FB-B9BC-6A3644698173} = {47D76C77-F373-42FB-B9BC-6A3644698173}
	EndProjectSection
EndProject
Project("{FAE04EC0-301F-11D3-BF4B-00C04F79EFBC}") = "nvgraph_Pagerank", "nvgraph_Pagerank\nvgraph_Pagerank.csproj", "{EC61BBD3-7DD5-45BE-8691-D9CDC2D07178}"
EndProject
Project("{FAE04EC0-301F-11D3-BF4B-00C04F79EFBC}") = "NPP_HistogramEqualization", "NPP_HistogramEqualization\NPP_HistogramEqualization.csproj", "{37425410-76ED-4349-B1B5-0894025868EB}"
EndProject
Project("{FAE04EC0-301F-11D3-BF4B-00C04F79EFBC}") = "NPPJpegCompression", "NPPJpegCompression\NPPJpegCompression.csproj", "{A9D4D2D1-ABD0-43F4-9B12-8250E290470A}"
EndProject
Global
	GlobalSection(SolutionConfigurationPlatforms) = preSolution
		Debug|Any CPU = Debug|Any CPU
		Debug|x64 = Debug|x64
		Debug|x86 = Debug|x86
		Release|Any CPU = Release|Any CPU
		Release|x64 = Release|x64
		Release|x86 = Release|x86
	EndGlobalSection
	GlobalSection(ProjectConfigurationPlatforms) = postSolution
		{D9771D42-37D2-4831-ABB9-8C8D3B961C8D}.Debug|Any CPU.ActiveCfg = Debug|x64
		{D9771D42-37D2-4831-ABB9-8C8D3B961C8D}.Debug|x64.ActiveCfg = Debug|x64
		{D9771D42-37D2-4831-ABB9-8C8D3B961C8D}.Debug|x64.Build.0 = Debug|x64
		{D9771D42-37D2-4831-ABB9-8C8D3B961C8D}.Debug|x86.ActiveCfg = Debug|x64
		{D9771D42-37D2-4831-ABB9-8C8D3B961C8D}.Release|Any CPU.ActiveCfg = Release|x64
		{D9771D42-37D2-4831-ABB9-8C8D3B961C8D}.Release|x64.ActiveCfg = Release|x64
		{D9771D42-37D2-4831-ABB9-8C8D3B961C8D}.Release|x64.Build.0 = Release|x64
		{D9771D42-37D2-4831-ABB9-8C8D3B961C8D}.Release|x86.ActiveCfg = Release|x64
		{DB954399-7AA4-4835-BD98-C11E130049EA}.Debug|Any CPU.ActiveCfg = Debug|x64
		{DB954399-7AA4-4835-BD98-C11E130049EA}.Debug|x64.ActiveCfg = Debug|x64
		{DB954399-7AA4-4835-BD98-C11E130049EA}.Debug|x64.Build.0 = Debug|x64
		{DB954399-7AA4-4835-BD98-C11E130049EA}.Debug|x86.ActiveCfg = Debug|x64
		{DB954399-7AA4-4835-BD98-C11E130049EA}.Release|Any CPU.ActiveCfg = Release|x64
		{DB954399-7AA4-4835-BD98-C11E130049EA}.Release|x64.ActiveCfg = Release|x64
		{DB954399-7AA4-4835-BD98-C11E130049EA}.Release|x64.Build.0 = Release|x64
		{DB954399-7AA4-4835-BD98-C11E130049EA}.Release|x86.ActiveCfg = Release|x64
		{D14002D9-E62F-42CF-8281-8ADB964EE850}.Debug|Any CPU.ActiveCfg = Debug|x64
		{D14002D9-E62F-42CF-8281-8ADB964EE850}.Debug|x64.ActiveCfg = Debug|x64
		{D14002D9-E62F-42CF-8281-8ADB964EE850}.Debug|x64.Build.0 = Debug|x64
		{D14002D9-E62F-42CF-8281-8ADB964EE850}.Debug|x86.ActiveCfg = Debug|x64
		{D14002D9-E62F-42CF-8281-8ADB964EE850}.Release|Any CPU.ActiveCfg = Release|x64
		{D14002D9-E62F-42CF-8281-8ADB964EE850}.Release|x64.ActiveCfg = Release|x64
		{D14002D9-E62F-42CF-8281-8ADB964EE850}.Release|x64.Build.0 = Release|x64
		{D14002D9-E62F-42CF-8281-8ADB964EE850}.Release|x86.ActiveCfg = Release|x64
		{AFF19EA9-0B8F-4D3B-9976-6A43380A20A2}.Debug|Any CPU.ActiveCfg = Debug|x64
		{AFF19EA9-0B8F-4D3B-9976-6A43380A20A2}.Debug|x64.ActiveCfg = Debug|x64
		{AFF19EA9-0B8F-4D3B-9976-6A43380A20A2}.Debug|x64.Build.0 = Debug|x64
		{AFF19EA9-0B8F-4D3B-9976-6A43380A20A2}.Debug|x86.ActiveCfg = Debug|x64
		{AFF19EA9-0B8F-4D3B-9976-6A43380A20A2}.Release|Any CPU.ActiveCfg = Release|x64
		{AFF19EA9-0B8F-4D3B-9976-6A43380A20A2}.Release|x64.ActiveCfg = Release|x64
		{AFF19EA9-0B8F-4D3B-9976-6A43380A20A2}.Release|x64.Build.0 = Release|x64
		{AFF19EA9-0B8F-4D3B-9976-6A43380A20A2}.Release|x86.ActiveCfg = Release|x64
		{3ED18112-FC79-4302-AEFD-76FE74B92C94}.Debug|Any CPU.ActiveCfg = Debug|x64
		{3ED18112-FC79-4302-AEFD-76FE74B92C94}.Debug|x64.ActiveCfg = Debug|x64
		{3ED18112-FC79-4302-AEFD-76FE74B92C94}.Debug|x64.Build.0 = Debug|x64
		{3ED18112-FC79-4302-AEFD-76FE74B92C94}.Debug|x86.ActiveCfg = Debug|x64
		{3ED18112-FC79-4302-AEFD-76FE74B92C94}.Release|Any CPU.ActiveCfg = Release|x64
		{3ED18112-FC79-4302-AEFD-76FE74B92C94}.Release|x64.ActiveCfg = Release|x64
		{3ED18112-FC79-4302-AEFD-76FE74B92C94}.Release|x64.Build.0 = Release|x64
		{3ED18112-FC79-4302-AEFD-76FE74B92C94}.Release|x86.ActiveCfg = Release|x64
		{A0FEA7FC-A6E5-499D-8C77-2FF8C167D443}.Debug|Any CPU.ActiveCfg = Debug|x64
		{A0FEA7FC-A6E5-499D-8C77-2FF8C167D443}.Debug|x64.ActiveCfg = Debug|x64
		{A0FEA7FC-A6E5-499D-8C77-2FF8C167D443}.Debug|x64.Build.0 = Debug|x64
		{A0FEA7FC-A6E5-499D-8C77-2FF8C167D443}.Debug|x86.ActiveCfg = Debug|x64
		{A0FEA7FC-A6E5-499D-8C77-2FF8C167D443}.Release|Any CPU.ActiveCfg = Release|x64
		{A0FEA7FC-A6E5-499D-8C77-2FF8C167D443}.Release|x64.ActiveCfg = Release|x64
		{A0FEA7FC-A6E5-499D-8C77-2FF8C167D443}.Release|x64.Build.0 = Release|x64
		{A0FEA7FC-A6E5-499D-8C77-2FF8C167D443}.Release|x86.ActiveCfg = Release|x64
		{616A45A5-D2AE-4620-A9BA-CDF72DCF483C}.Debug|Any CPU.ActiveCfg = Debug|Any CPU
		{616A45A5-D2AE-4620-A9BA-CDF72DCF483C}.Debug|Any CPU.Build.0 = Debug|Any CPU
		{616A45A5-D2AE-4620-A9BA-CDF72DCF483C}.Debug|x64.ActiveCfg = Debug|Any CPU
		{616A45A5-D2AE-4620-A9BA-CDF72DCF483C}.Debug|x64.Build.0 = Debug|Any CPU
		{616A45A5-D2AE-4620-A9BA-CDF72DCF483C}.Debug|x86.ActiveCfg = Debug|Any CPU
		{616A45A5-D2AE-4620-A9BA-CDF72DCF483C}.Debug|x86.Build.0 = Debug|Any CPU
		{616A45A5-D2AE-4620-A9BA-CDF72DCF483C}.Release|Any CPU.ActiveCfg = Release|Any CPU
		{616A45A5-D2AE-4620-A9BA-CDF72DCF483C}.Release|Any CPU.Build.0 = Release|Any CPU
		{616A45A5-D2AE-4620-A9BA-CDF72DCF483C}.Release|x64.ActiveCfg = Release|Any CPU
		{616A45A5-D2AE-4620-A9BA-CDF72DCF483C}.Release|x64.Build.0 = Release|Any CPU
		{616A45A5-D2AE-4620-A9BA-CDF72DCF483C}.Release|x86.ActiveCfg = Release|Any CPU
		{616A45A5-D2AE-4620-A9BA-CDF72DCF483C}.Release|x86.Build.0 = Release|Any CPU
		{DBF691D3-6961-4ADB-AFD7-DECA6E502B50}.Debug|Any CPU.ActiveCfg = Debug|Any CPU
		{DBF691D3-6961-4ADB-AFD7-DECA6E502B50}.Debug|Any CPU.Build.0 = Debug|Any CPU
		{DBF691D3-6961-4ADB-AFD7-DECA6E502B50}.Debug|x64.ActiveCfg = Debug|Any CPU
		{DBF691D3-6961-4ADB-AFD7-DECA6E502B50}.Debug|x64.Build.0 = Debug|Any CPU
		{DBF691D3-6961-4ADB-AFD7-DECA6E502B50}.Debug|x86.ActiveCfg = Debug|Any CPU
		{DBF691D3-6961-4ADB-AFD7-DECA6E502B50}.Debug|x86.Build.0 = Debug|Any CPU
		{DBF691D3-6961-4ADB-AFD7-DECA6E502B50}.Release|Any CPU.ActiveCfg = Release|Any CPU
		{DBF691D3-6961-4ADB-AFD7-DECA6E502B50}.Release|Any CPU.Build.0 = Release|Any CPU
		{DBF691D3-6961-4ADB-AFD7-DECA6E502B50}.Release|x64.ActiveCfg = Release|Any CPU
		{DBF691D3-6961-4ADB-AFD7-DECA6E502B50}.Release|x64.Build.0 = Release|Any CPU
		{DBF691D3-6961-4ADB-AFD7-DECA6E502B50}.Release|x86.ActiveCfg = Release|Any CPU
		{DBF691D3-6961-4ADB-AFD7-DECA6E502B50}.Release|x86.Build.0 = Release|Any CPU
		{A12B6922-2FCC-46C8-89A3-C36E42579425}.Debug|Any CPU.ActiveCfg = Debug|x64
		{A12B6922-2FCC-46C8-89A3-C36E42579425}.Debug|x64.ActiveCfg = Debug|x64
		{A12B6922-2FCC-46C8-89A3-C36E42579425}.Debug|x64.Build.0 = Debug|x64
		{A12B6922-2FCC-46C8-89A3-C36E42579425}.Debug|x86.ActiveCfg = Debug|x64
		{A12B6922-2FCC-46C8-89A3-C36E42579425}.Release|Any CPU.ActiveCfg = Release|x64
		{A12B6922-2FCC-46C8-89A3-C36E42579425}.Release|x64.ActiveCfg = Release|x64
		{A12B6922-2FCC-46C8-89A3-C36E42579425}.Release|x64.Build.0 = Release|x64
		{A12B6922-2FCC-46C8-89A3-C36E42579425}.Release|x86.ActiveCfg = Release|x64
		{B579300A-E2A1-400E-8DED-9170D5E160CC}.Debug|Any CPU.ActiveCfg = Debug|x64
		{B579300A-E2A1-400E-8DED-9170D5E160CC}.Debug|x64.ActiveCfg = Debug|x64
		{B579300A-E2A1-400E-8DED-9170D5E160CC}.Debug|x64.Build.0 = Debug|x64
		{B579300A-E2A1-400E-8DED-9170D5E160CC}.Debug|x86.ActiveCfg = Debug|x64
		{B579300A-E2A1-400E-8DED-9170D5E160CC}.Release|Any CPU.ActiveCfg = Release|x64
		{B579300A-E2A1-400E-8DED-9170D5E160CC}.Release|x64.ActiveCfg = Release|x64
		{B579300A-E2A1-400E-8DED-9170D5E160CC}.Release|x64.Build.0 = Release|x64
		{B579300A-E2A1-400E-8DED-9170D5E160CC}.Release|x86.ActiveCfg = Release|x64
		{2B1C6B92-E7BB-439C-A044-81D265C1D3E3}.Debug|Any CPU.ActiveCfg = Debug|Any CPU
		{2B1C6B92-E7BB-439C-A044-81D265C1D3E3}.Debug|Any CPU.Build.0 = Debug|Any CPU
		{2B1C6B92-E7BB-439C-A044-81D265C1D3E3}.Debug|x64.ActiveCfg = Debug|Any CPU
		{2B1C6B92-E7BB-439C-A044-81D265C1D3E3}.Debug|x64.Build.0 = Debug|Any CPU
		{2B1C6B92-E7BB-439C-A044-81D265C1D3E3}.Debug|x86.ActiveCfg = Debug|Any CPU
		{2B1C6B92-E7BB-439C-A044-81D265C1D3E3}.Debug|x86.Build.0 = Debug|Any CPU
		{2B1C6B92-E7BB-439C-A044-81D265C1D3E3}.Release|Any CPU.ActiveCfg = Release|Any CPU
		{2B1C6B92-E7BB-439C-A044-81D265C1D3E3}.Release|Any CPU.Build.0 = Release|Any CPU
		{2B1C6B92-E7BB-439C-A044-81D265C1D3E3}.Release|x64.ActiveCfg = Release|Any CPU
		{2B1C6B92-E7BB-439C-A044-81D265C1D3E3}.Release|x64.Build.0 = Release|Any CPU
		{2B1C6B92-E7BB-439C-A044-81D265C1D3E3}.Release|x86.ActiveCfg = Release|Any CPU
		{2B1C6B92-E7BB-439C-A044-81D265C1D3E3}.Release|x86.Build.0 = Release|Any CPU
		{FF09234C-831E-4611-B1EB-266E4C6F8122}.Debug|Any CPU.ActiveCfg = Debug|Any CPU
		{FF09234C-831E-4611-B1EB-266E4C6F8122}.Debug|Any CPU.Build.0 = Debug|Any CPU
		{FF09234C-831E-4611-B1EB-266E4C6F8122}.Debug|x64.ActiveCfg = Debug|Any CPU
		{FF09234C-831E-4611-B1EB-266E4C6F8122}.Debug|x64.Build.0 = Debug|Any CPU
		{FF09234C-831E-4611-B1EB-266E4C6F8122}.Debug|x86.ActiveCfg = Debug|Any CPU
		{FF09234C-831E-4611-B1EB-266E4C6F8122}.Debug|x86.Build.0 = Debug|Any CPU
		{FF09234C-831E-4611-B1EB-266E4C6F8122}.Release|Any CPU.ActiveCfg = Release|Any CPU
		{FF09234C-831E-4611-B1EB-266E4C6F8122}.Release|Any CPU.Build.0 = Release|Any CPU
		{FF09234C-831E-4611-B1EB-266E4C6F8122}.Release|x64.ActiveCfg = Release|Any CPU
		{FF09234C-831E-4611-B1EB-266E4C6F8122}.Release|x64.Build.0 = Release|Any CPU
		{FF09234C-831E-4611-B1EB-266E4C6F8122}.Release|x86.ActiveCfg = Release|Any CPU
		{FF09234C-831E-4611-B1EB-266E4C6F8122}.Release|x86.Build.0 = Release|Any CPU
		{95E82FC9-BB5E-41AA-A426-E783363D801D}.Debug|Any CPU.ActiveCfg = Debug|x64
		{95E82FC9-BB5E-41AA-A426-E783363D801D}.Debug|x64.ActiveCfg = Debug|x64
		{95E82FC9-BB5E-41AA-A426-E783363D801D}.Debug|x64.Build.0 = Debug|x64
		{95E82FC9-BB5E-41AA-A426-E783363D801D}.Debug|x86.ActiveCfg = Debug|x64
		{95E82FC9-BB5E-41AA-A426-E783363D801D}.Release|Any CPU.ActiveCfg = Release|x64
		{95E82FC9-BB5E-41AA-A426-E783363D801D}.Release|x64.ActiveCfg = Release|x64
		{95E82FC9-BB5E-41AA-A426-E783363D801D}.Release|x64.Build.0 = Release|x64
		{95E82FC9-BB5E-41AA-A426-E783363D801D}.Release|x86.ActiveCfg = Release|x64
		{47D76C77-F373-42FB-B9BC-6A3644698173}.Debug|Any CPU.ActiveCfg = Debug|x64
		{47D76C77-F373-42FB-B9BC-6A3644698173}.Debug|x64.ActiveCfg = Debug|x64
		{47D76C77-F373-42FB-B9BC-6A3644698173}.Debug|x64.Build.0 = Debug|x64
		{47D76C77-F373-42FB-B9BC-6A3644698173}.Debug|x86.ActiveCfg = Debug|x64
		{47D76C77-F373-42FB-B9BC-6A3644698173}.Release|Any CPU.ActiveCfg = Release|x64
		{47D76C77-F373-42FB-B9BC-6A3644698173}.Release|x64.ActiveCfg = Release|x64
		{47D76C77-F373-42FB-B9BC-6A3644698173}.Release|x64.Build.0 = Release|x64
		{47D76C77-F373-42FB-B9BC-6A3644698173}.Release|x86.ActiveCfg = Release|x64
		{0429031A-57DA-4506-8EB9-FA35775C7BC2}.Debug|Any CPU.ActiveCfg = Debug|x64
		{0429031A-57DA-4506-8EB9-FA35775C7BC2}.Debug|x64.ActiveCfg = Debug|x64
		{0429031A-57DA-4506-8EB9-FA35775C7BC2}.Debug|x64.Build.0 = Debug|x64
		{0429031A-57DA-4506-8EB9-FA35775C7BC2}.Debug|x86.ActiveCfg = Debug|x64
		{0429031A-57DA-4506-8EB9-FA35775C7BC2}.Release|Any CPU.ActiveCfg = Release|x64
		{0429031A-57DA-4506-8EB9-FA35775C7BC2}.Release|x64.ActiveCfg = Release|x64
		{0429031A-57DA-4506-8EB9-FA35775C7BC2}.Release|x64.Build.0 = Release|x64
		{0429031A-57DA-4506-8EB9-FA35775C7BC2}.Release|x86.ActiveCfg = Release|x64
		{EF2A21F6-3E9E-4291-B31B-FEE217BCE692}.Debug|Any CPU.ActiveCfg = Debug|x64
		{EF2A21F6-3E9E-4291-B31B-FEE217BCE692}.Debug|x64.ActiveCfg = Debug|x64
		{EF2A21F6-3E9E-4291-B31B-FEE217BCE692}.Debug|x64.Build.0 = Debug|x64
		{EF2A21F6-3E9E-4291-B31B-FEE217BCE692}.Debug|x86.ActiveCfg = Debug|x64
		{EF2A21F6-3E9E-4291-B31B-FEE217BCE692}.Release|Any CPU.ActiveCfg = Release|x64
		{EF2A21F6-3E9E-4291-B31B-FEE217BCE692}.Release|x64.ActiveCfg = Release|x64
		{EF2A21F6-3E9E-4291-B31B-FEE217BCE692}.Release|x64.Build.0 = Release|x64
		{EF2A21F6-3E9E-4291-B31B-FEE217BCE692}.Release|x86.ActiveCfg = Release|x64
		{330CA6BA-D439-4786-9DA2-A3A2ED0B561A}.Debug|Any CPU.ActiveCfg = Debug|x64
		{330CA6BA-D439-4786-9DA2-A3A2ED0B561A}.Debug|x64.ActiveCfg = Debug|x64
		{330CA6BA-D439-4786-9DA2-A3A2ED0B561A}.Debug|x64.Build.0 = Debug|x64
		{330CA6BA-D439-4786-9DA2-A3A2ED0B561A}.Debug|x86.ActiveCfg = Debug|x64
		{330CA6BA-D439-4786-9DA2-A3A2ED0B561A}.Release|Any CPU.ActiveCfg = Release|x64
		{330CA6BA-D439-4786-9DA2-A3A2ED0B561A}.Release|x64.ActiveCfg = Release|x64
		{330CA6BA-D439-4786-9DA2-A3A2ED0B561A}.Release|x64.Build.0 = Release|x64
		{330CA6BA-D439-4786-9DA2-A3A2ED0B561A}.Release|x86.ActiveCfg = Release|x64
		{EC61BBD3-7DD5-45BE-8691-D9CDC2D07178}.Debug|Any CPU.ActiveCfg = Debug|Any CPU
		{EC61BBD3-7DD5-45BE-8691-D9CDC2D07178}.Debug|Any CPU.Build.0 = Debug|Any CPU
		{EC61BBD3-7DD5-45BE-8691-D9CDC2D07178}.Debug|x64.ActiveCfg = Debug|Any CPU
		{EC61BBD3-7DD5-45BE-8691-D9CDC2D07178}.Debug|x64.Build.0 = Debug|Any CPU
		{EC61BBD3-7DD5-45BE-8691-D9CDC2D07178}.Debug|x86.ActiveCfg = Debug|Any CPU
		{EC61BBD3-7DD5-45BE-8691-D9CDC2D07178}.Debug|x86.Build.0 = Debug|Any CPU
		{EC61BBD3-7DD5-45BE-8691-D9CDC2D07178}.Release|Any CPU.ActiveCfg = Release|Any CPU
		{EC61BBD3-7DD5-45BE-8691-D9CDC2D07178}.Release|Any CPU.Build.0 = Release|Any CPU
		{EC61BBD3-7DD5-45BE-8691-D9CDC2D07178}.Release|x64.ActiveCfg = Release|Any CPU
		{EC61BBD3-7DD5-45BE-8691-D9CDC2D07178}.Release|x64.Build.0 = Release|Any CPU
		{EC61BBD3-7DD5-45BE-8691-D9CDC2D07178}.Release|x86.ActiveCfg = Release|Any CPU
		{EC61BBD3-7DD5-45BE-8691-D9CDC2D07178}.Release|x86.Build.0 = Release|Any CPU
		{37425410-76ED-4349-B1B5-0894025868EB}.Debug|Any CPU.ActiveCfg = Debug|x64
		{37425410-76ED-4349-B1B5-0894025868EB}.Debug|x64.ActiveCfg = Debug|x64
		{37425410-76ED-4349-B1B5-0894025868EB}.Debug|x64.Build.0 = Debug|x64
		{37425410-76ED-4349-B1B5-0894025868EB}.Debug|x86.ActiveCfg = Debug|x64
		{37425410-76ED-4349-B1B5-0894025868EB}.Release|Any CPU.ActiveCfg = Release|x64
		{37425410-76ED-4349-B1B5-0894025868EB}.Release|x64.ActiveCfg = Release|x64
		{37425410-76ED-4349-B1B5-0894025868EB}.Release|x64.Build.0 = Release|x64
		{37425410-76ED-4349-B1B5-0894025868EB}.Release|x86.ActiveCfg = Release|x64
		{A9D4D2D1-ABD0-43F4-9B12-8250E290470A}.Debug|Any CPU.ActiveCfg = Debug|x64
		{A9D4D2D1-ABD0-43F4-9B12-8250E290470A}.Debug|x64.ActiveCfg = Debug|x64
		{A9D4D2D1-ABD0-43F4-9B12-8250E290470A}.Debug|x64.Build.0 = Debug|x64
		{A9D4D2D1-ABD0-43F4-9B12-8250E290470A}.Debug|x86.ActiveCfg = Debug|x64
		{A9D4D2D1-ABD0-43F4-9B12-8250E290470A}.Release|Any CPU.ActiveCfg = Release|x64
		{A9D4D2D1-ABD0-43F4-9B12-8250E290470A}.Release|x64.ActiveCfg = Release|x64
		{A9D4D2D1-ABD0-43F4-9B12-8250E290470A}.Release|x64.Build.0 = Release|x64
		{A9D4D2D1-ABD0-43F4-9B12-8250E290470A}.Release|x86.ActiveCfg = Release|x64
	EndGlobalSection
	GlobalSection(SolutionProperties) = preSolution
		HideSolutionNode = FALSE
	EndGlobalSection
EndGlobal
